
Microsoft Visual Studio Solution File, Format Version 12.00
# Visual Studio Version 17
VisualStudioVersion = 17.10.35122.118
MinimumVisualStudioVersion = 10.0.40219.1
Project("{8BC9CEB8-8B4A-11D0-8D11-00A0C91BC942}") = "EngineBase", "EngineBase\EngineBase.vcxproj", "{EA197215-13BB-4729-9573-DB483A0EE1A3}"
EndProject
Project("{8BC9CEB8-8B4A-11D0-8D11-00A0C91BC942}") = "EnginePlatform", "EnginePlatform\EnginePlatform.vcxproj", "{F0716EC2-0BC5-43EA-9046-B203E0985A67}"
EndProject
Project("{8BC9CEB8-8B4A-11D0-8D11-00A0C91BC942}") = "EngineCore", "EngineCore\EngineCore.vcxproj", "{E900C797-09AD-46CE-9F93-4065214CF169}"
EndProject
Project("{2150E333-8FDC-42A3-9474-1A3956D46DE8}") = "Level0", "Level0", "{CB11EA19-738F-41AE-A535-BD64EC816F7E}"
EndProject
Project("{2150E333-8FDC-42A3-9474-1A3956D46DE8}") = "Level1", "Level1", "{6B2FB04F-868C-4424-AD2A-7477C8BC46E7}"
EndProject
Project("{2150E333-8FDC-42A3-9474-1A3956D46DE8}") = "Level2", "Level2", "{AA170D83-759A-4B68-A258-75D629CDA19B}"
EndProject
Project("{8BC9CEB8-8B4A-11D0-8D11-00A0C91BC942}") = "EngineShader", "EngineShader\EngineShader.vcxproj", "{48EA064C-43D1-448E-A47D-9534DB00D4F7}"
EndProject
Project("{2150E333-8FDC-42A3-9474-1A3956D46DE8}") = "Level3", "Level3", "{3A8EFD31-CB12-45E8-8212-C43F69DCA7A0}"
EndProject
Project("{8BC9CEB8-8B4A-11D0-8D11-00A0C91BC942}") = "Contents", "Contents\Contents.vcxproj", "{459EB68F-D6B5-40C8-B3D1-6763C941C9E9}"
EndProject
Project("{2150E333-8FDC-42A3-9474-1A3956D46DE8}") = "Level4", "Level4", "{47398C95-7B21-4B84-9C38-1DEF1D32248D}"
EndProject
Project("{8BC9CEB8-8B4A-11D0-8D11-00A0C91BC942}") = "App", "App\App.vcxproj", "{F22B6898-A2B7-48BF-A1BF-1EF2907DC526}"
EndProject
Global
	GlobalSection(SolutionConfigurationPlatforms) = preSolution
		Debug|x64 = Debug|x64
		Debug|x86 = Debug|x86
		Release|x64 = Release|x64
		Release|x86 = Release|x86
	EndGlobalSection
	GlobalSection(ProjectConfigurationPlatforms) = postSolution
		{EA197215-13BB-4729-9573-DB483A0EE1A3}.Debug|x64.ActiveCfg = Debug|x64
		{EA197215-13BB-4729-9573-DB483A0EE1A3}.Debug|x64.Build.0 = Debug|x64
		{EA197215-13BB-4729-9573-DB483A0EE1A3}.Debug|x86.ActiveCfg = Debug|Win32
		{EA197215-13BB-4729-9573-DB483A0EE1A3}.Debug|x86.Build.0 = Debug|Win32
		{EA197215-13BB-4729-9573-DB483A0EE1A3}.Release|x64.ActiveCfg = Release|x64
		{EA197215-13BB-4729-9573-DB483A0EE1A3}.Release|x64.Build.0 = Release|x64
		{EA197215-13BB-4729-9573-DB483A0EE1A3}.Release|x86.ActiveCfg = Release|Win32
		{EA197215-13BB-4729-9573-DB483A0EE1A3}.Release|x86.Build.0 = Release|Win32
		{F0716EC2-0BC5-43EA-9046-B203E0985A67}.Debug|x64.ActiveCfg = Debug|x64
		{F0716EC2-0BC5-43EA-9046-B203E0985A67}.Debug|x64.Build.0 = Debug|x64
		{F0716EC2-0BC5-43EA-9046-B203E0985A67}.Debug|x86.ActiveCfg = Debug|Win32
		{F0716EC2-0BC5-43EA-9046-B203E0985A67}.Debug|x86.Build.0 = Debug|Win32
		{F0716EC2-0BC5-43EA-9046-B203E0985A67}.Release|x64.ActiveCfg = Release|x64
		{F0716EC2-0BC5-43EA-9046-B203E0985A67}.Release|x64.Build.0 = Release|x64
		{F0716EC2-0BC5-43EA-9046-B203E0985A67}.Release|x86.ActiveCfg = Release|Win32
		{F0716EC2-0BC5-43EA-9046-B203E0985A67}.Release|x86.Build.0 = Release|Win32
		{E900C797-09AD-46CE-9F93-4065214CF169}.Debug|x64.ActiveCfg = Debug|x64
		{E900C797-09AD-46CE-9F93-4065214CF169}.Debug|x64.Build.0 = Debug|x64
		{E900C797-09AD-46CE-9F93-4065214CF169}.Debug|x86.ActiveCfg = Debug|Win32
		{E900C797-09AD-46CE-9F93-4065214CF169}.Debug|x86.Build.0 = Debug|Win32
		{E900C797-09AD-46CE-9F93-4065214CF169}.Release|x64.ActiveCfg = Release|x64
		{E900C797-09AD-46CE-9F93-4065214CF169}.Release|x64.Build.0 = Release|x64
		{E900C797-09AD-46CE-9F93-4065214CF169}.Release|x86.ActiveCfg = Release|Win32
		{E900C797-09AD-46CE-9F93-4065214CF169}.Release|x86.Build.0 = Release|Win32
		{48EA064C-43D1-448E-A47D-9534DB00D4F7}.Debug|x64.ActiveCfg = Debug|x64
		{48EA064C-43D1-448E-A47D-9534DB00D4F7}.Debug|x64.Build.0 = Debug|x64
		{48EA064C-43D1-448E-A47D-9534DB00D4F7}.Debug|x86.ActiveCfg = Debug|Win32
		{48EA064C-43D1-448E-A47D-9534DB00D4F7}.Debug|x86.Build.0 = Debug|Win32
		{48EA064C-43D1-448E-A47D-9534DB00D4F7}.Release|x64.ActiveCfg = Release|x64
		{48EA064C-43D1-448E-A47D-9534DB00D4F7}.Release|x64.Build.0 = Release|x64
		{48EA064C-43D1-448E-A47D-9534DB00D4F7}.Release|x86.ActiveCfg = Release|Win32
		{48EA064C-43D1-448E-A47D-9534DB00D4F7}.Release|x86.Build.0 = Release|Win32
		{459EB68F-D6B5-40C8-B3D1-6763C941C9E9}.Debug|x64.ActiveCfg = Debug|x64
		{459EB68F-D6B5-40C8-B3D1-6763C941C9E9}.Debug|x64.Build.0 = Debug|x64
		{459EB68F-D6B5-40C8-B3D1-6763C941C9E9}.Debug|x86.ActiveCfg = Debug|Win32
		{459EB68F-D6B5-40C8-B3D1-6763C941C9E9}.Debug|x86.Build.0 = Debug|Win32
		{459EB68F-D6B5-40C8-B3D1-6763C941C9E9}.Release|x64.ActiveCfg = Release|x64
		{459EB68F-D6B5-40C8-B3D1-6763C941C9E9}.Release|x64.Build.0 = Release|x64
		{459EB68F-D6B5-40C8-B3D1-6763C941C9E9}.Release|x86.ActiveCfg = Release|Win32
		{459EB68F-D6B5-40C8-B3D1-6763C941C9E9}.Release|x86.Build.0 = Release|Win32
		{F22B6898-A2B7-48BF-A1BF-1EF2907DC526}.Debug|x64.ActiveCfg = Debug|x64
		{F22B6898-A2B7-48BF-A1BF-1EF2907DC526}.Debug|x64.Build.0 = Debug|x64
		{F22B6898-A2B7-48BF-A1BF-1EF2907DC526}.Debug|x86.ActiveCfg = Debug|Win32
		{F22B6898-A2B7-48BF-A1BF-1EF2907DC526}.Debug|x86.Build.0 = Debug|Win32
		{F22B6898-A2B7-48BF-A1BF-1EF2907DC526}.Release|x64.ActiveCfg = Release|x64
		{F22B6898-A2B7-48BF-A1BF-1EF2907DC526}.Release|x64.Build.0 = Release|x64
		{F22B6898-A2B7-48BF-A1BF-1EF2907DC526}.Release|x86.ActiveCfg = Release|Win32
		{F22B6898-A2B7-48BF-A1BF-1EF2907DC526}.Release|x86.Build.0 = Release|Win32
	EndGlobalSection
	GlobalSection(SolutionProperties) = preSolution
		HideSolutionNode = FALSE
	EndGlobalSection
	GlobalSection(NestedProjects) = preSolution
		{EA197215-13BB-4729-9573-DB483A0EE1A3} = {CB11EA19-738F-41AE-A535-BD64EC816F7E}
		{F0716EC2-0BC5-43EA-9046-B203E0985A67} = {6B2FB04F-868C-4424-AD2A-7477C8BC46E7}
		{E900C797-09AD-46CE-9F93-4065214CF169} = {AA170D83-759A-4B68-A258-75D629CDA19B}
		{48EA064C-43D1-448E-A47D-9534DB00D4F7} = {AA170D83-759A-4B68-A258-75D629CDA19B}
		{459EB68F-D6B5-40C8-B3D1-6763C941C9E9} = {3A8EFD31-CB12-45E8-8212-C43F69DCA7A0}
		{F22B6898-A2B7-48BF-A1BF-1EF2907DC526} = {47398C95-7B21-4B84-9C38-1DEF1D32248D}
	EndGlobalSection
	GlobalSection(ExtensibilityGlobals) = postSolution
		SolutionGuid = {6048E351-E3E8-41F3-9516-671C7EB95894}
	EndGlobalSection
EndGlobal
